{
	"name": "lib",
	"version": "1.0.0",
	"lockfileVersion": 3,
	"requires": true,
	"packages": {
		"": {
			"name": "lib",
			"version": "1.0.0",
			"license": "ISC",
			"dependencies": {
				"any-ascii": "^0.3.2"
			}
		},
		"node_modules/any-ascii": {
			"version": "0.3.2",
			"resolved": "https://registry.npmjs.org/any-ascii/-/any-ascii-0.3.2.tgz",
			"integrity": "sha512-ABw9wA6PpMfmBbn5eeoOHJV86uqOcjEiuik6zV3dHCBfXu8kKWaCnKnrgzu9hLiFhvZYhdrRdVSo2RjjVhSycw==",
			"engines": {
				"node": ">=12.20"
			}
		}
	}
}
